
Microsoft Visual Studio Solution File, Format Version 12.00
# Visual Studio Version 17
VisualStudioVersion = 17.7.34018.315
MinimumVisualStudioVersion = 10.0.40219.1
Project("{FAE04EC0-301F-11D3-BF4B-00C04F79EFBC}") = "Tee.Core", "Tee.Core\Tee.Core.csproj", "{DEBC9E6C-72CC-46D4-9DE3-3CA79CB66D87}"
EndProject
Global
	GlobalSection(SolutionConfigurationPlatforms) = preSolution
		Debug|Any CPU = Debug|Any CPU
		Release|Any CPU = Release|Any CPU
	EndGlobalSection
	GlobalSection(ProjectConfigurationPlatforms) = postSolution
		{DEBC9E6C-72CC-46D4-9DE3-3CA79CB66D87}.Debug|Any CPU.ActiveCfg = Debug|Any CPU
		{DEBC9E6C-72CC-46D4-9DE3-3CA79CB66D87}.Debug|Any CPU.Build.0 = Debug|Any CPU
		{DEBC9E6C-72CC-46D4-9DE3-3CA79CB66D87}.Release|Any CPU.ActiveCfg = Release|Any CPU
		{DEBC9E6C-72CC-46D4-9DE3-3CA79CB66D87}.Release|Any CPU.Build.0 = Release|Any CPU
	EndGlobalSection
	GlobalSection(SolutionProperties) = preSolution
		HideSolutionNode = FALSE
	EndGlobalSection
	GlobalSection(ExtensibilityGlobals) = postSolution
		SolutionGuid = {97784B52-77EA-4F2F-9509-55EA106F66D6}
	EndGlobalSection
EndGlobal
